
Microsoft Visual Studio Solution File, Format Version 12.00
# Visual Studio 15
VisualStudioVersion = 15.0.28010.2026
MinimumVisualStudioVersion = 10.0.40219.1
Project("{FAE04EC0-301F-11D3-BF4B-00C04F79EFBC}") = "BegDataTypes", "BegDataTypes\BegDataTypes.csproj", "{86ED49B9-304B-4727-A0C7-61EB36A7901D}"
EndProject
Global
	GlobalSection(SolutionConfigurationPlatforms) = preSolution
		Debug|Any CPU = Debug|Any CPU
		Release|Any CPU = Release|Any CPU
	EndGlobalSection
	GlobalSection(ProjectConfigurationPlatforms) = postSolution
		{86ED49B9-304B-4727-A0C7-61EB36A7901D}.Debug|Any CPU.ActiveCfg = Debug|Any CPU
		{86ED49B9-304B-4727-A0C7-61EB36A7901D}.Debug|Any CPU.Build.0 = Debug|Any CPU
		{86ED49B9-304B-4727-A0C7-61EB36A7901D}.Release|Any CPU.ActiveCfg = Release|Any CPU
		{86ED49B9-304B-4727-A0C7-61EB36A7901D}.Release|Any CPU.Build.0 = Release|Any CPU
	EndGlobalSection
	GlobalSection(SolutionProperties) = preSolution
		HideSolutionNode = FALSE
	EndGlobalSection
	GlobalSection(ExtensibilityGlobals) = postSolution
		SolutionGuid = {B9A7D51F-3517-4C95-B537-9F1C5788B3CE}
	EndGlobalSection
EndGlobal
