
Microsoft Visual Studio Solution File, Format Version 12.00
# Visual Studio 15
VisualStudioVersion = 15.0.28010.2026
MinimumVisualStudioVersion = 10.0.40219.1
Project("{FAE04EC0-301F-11D3-BF4B-00C04F79EFBC}") = "AdvCreateClasses", "AdvCreateClasses\AdvCreateClasses.csproj", "{2DD995AF-2B72-4B5F-95FD-C54281CA59A4}"
EndProject
Global
	GlobalSection(SolutionConfigurationPlatforms) = preSolution
		Debug|Any CPU = Debug|Any CPU
		Release|Any CPU = Release|Any CPU
	EndGlobalSection
	GlobalSection(ProjectConfigurationPlatforms) = postSolution
		{2DD995AF-2B72-4B5F-95FD-C54281CA59A4}.Debug|Any CPU.ActiveCfg = Debug|Any CPU
		{2DD995AF-2B72-4B5F-95FD-C54281CA59A4}.Debug|Any CPU.Build.0 = Debug|Any CPU
		{2DD995AF-2B72-4B5F-95FD-C54281CA59A4}.Release|Any CPU.ActiveCfg = Release|Any CPU
		{2DD995AF-2B72-4B5F-95FD-C54281CA59A4}.Release|Any CPU.Build.0 = Release|Any CPU
	EndGlobalSection
	GlobalSection(SolutionProperties) = preSolution
		HideSolutionNode = FALSE
	EndGlobalSection
	GlobalSection(ExtensibilityGlobals) = postSolution
		SolutionGuid = {8CDF5B4B-BB06-4DA7-B6B2-4C65C8595ED2}
	EndGlobalSection
EndGlobal
