
Microsoft Visual Studio Solution File, Format Version 12.00
# Visual Studio 15
VisualStudioVersion = 15.0.28010.2026
MinimumVisualStudioVersion = 10.0.40219.1
Project("{FAE04EC0-301F-11D3-BF4B-00C04F79EFBC}") = "TimeConverter", "TimeConverter\TimeConverter.csproj", "{83B7CA6C-23AB-4988-B13F-4534FB421DBF}"
EndProject
Global
	GlobalSection(SolutionConfigurationPlatforms) = preSolution
		Debug|Any CPU = Debug|Any CPU
		Release|Any CPU = Release|Any CPU
	EndGlobalSection
	GlobalSection(ProjectConfigurationPlatforms) = postSolution
		{83B7CA6C-23AB-4988-B13F-4534FB421DBF}.Debug|Any CPU.ActiveCfg = Debug|Any CPU
		{83B7CA6C-23AB-4988-B13F-4534FB421DBF}.Debug|Any CPU.Build.0 = Debug|Any CPU
		{83B7CA6C-23AB-4988-B13F-4534FB421DBF}.Release|Any CPU.ActiveCfg = Release|Any CPU
		{83B7CA6C-23AB-4988-B13F-4534FB421DBF}.Release|Any CPU.Build.0 = Release|Any CPU
	EndGlobalSection
	GlobalSection(SolutionProperties) = preSolution
		HideSolutionNode = FALSE
	EndGlobalSection
	GlobalSection(ExtensibilityGlobals) = postSolution
		SolutionGuid = {EC23716A-33FB-43C9-9737-A8E434ECBD8E}
	EndGlobalSection
EndGlobal
